# THIS IS AN AUTOGENERATED FILE. DO NOT EDIT THIS FILE DIRECTLY.
# yarn lockfile v1


minicap-prebuilt@^2.3.0:
  version "2.3.0"
  resolved "https://registry.yarnpkg.com/minicap-prebuilt/-/minicap-prebuilt-2.3.0.tgz#a616cf84558a71b98aa70d05bce8be09409dd366"
  integrity sha512-LfHUYIA047rrqIZEn0gwbqbzarU5bmZ8yZ9SizeoiPwVq5cemE3foJTJZ3pCktUq/IPkKNGghFHJk1O8149mOA==

minitouch-prebuilt@^1.2.0:
  version "1.2.0"
  resolved "https://registry.yarnpkg.com/minitouch-prebuilt/-/minitouch-prebuilt-1.2.0.tgz#e136fb2eb888d6f0283df173d444f1dfb7d9df31"
  integrity sha512-YBTCTK0kPQIry0dJUqnj+OKw7qk1BDk4JnOH55ujaL4vtf9f3fRsHtD+zz899SKwT2t319HrrfBNwMLx6h2Vtg==
